
Microsoft Visual Studio Solution File, Format Version 12.00
# Visual Studio 14
VisualStudioVersion = 14.0.23107.0
MinimumVisualStudioVersion = 10.0.40219.1
Project("{FAE04EC0-301F-11D3-BF4B-00C04F79EFBC}") = "Kaesewuerfel", "Kaesewuerfel\Kaesewuerfel.csproj", "{56DDBE51-1EE4-4A8B-8B32-97A73C071349}"
EndProject
Global
	GlobalSection(SolutionConfigurationPlatforms) = preSolution
		Debug|Any CPU = Debug|Any CPU
		Release|Any CPU = Release|Any CPU
	EndGlobalSection
	GlobalSection(ProjectConfigurationPlatforms) = postSolution
		{56DDBE51-1EE4-4A8B-8B32-97A73C071349}.Debug|Any CPU.ActiveCfg = Debug|Any CPU
		{56DDBE51-1EE4-4A8B-8B32-97A73C071349}.Debug|Any CPU.Build.0 = Debug|Any CPU
		{56DDBE51-1EE4-4A8B-8B32-97A73C071349}.Release|Any CPU.ActiveCfg = Release|Any CPU
		{56DDBE51-1EE4-4A8B-8B32-97A73C071349}.Release|Any CPU.Build.0 = Release|Any CPU
	EndGlobalSection
	GlobalSection(SolutionProperties) = preSolution
		HideSolutionNode = FALSE
	EndGlobalSection
EndGlobal
